
Microsoft Visual Studio Solution File, Format Version 12.00
# Visual Studio Version 17
VisualStudioVersion = 17.14.36121.58 d17.14
MinimumVisualStudioVersion = 10.0.40219.1
Project("{FAE04EC0-301F-11D3-BF4B-00C04F79EFBC}") = "Sistema_de_Veiculo", "Sistema_de_Veiculo.csproj", "{0FC1FA4C-38C9-4DB7-9F1E-9EE688BCF23E}"
EndProject
Global
	GlobalSection(SolutionConfigurationPlatforms) = preSolution
		Debug|Any CPU = Debug|Any CPU
		Release|Any CPU = Release|Any CPU
	EndGlobalSection
	GlobalSection(ProjectConfigurationPlatforms) = postSolution
		{0FC1FA4C-38C9-4DB7-9F1E-9EE688BCF23E}.Debug|Any CPU.ActiveCfg = Debug|Any CPU
		{0FC1FA4C-38C9-4DB7-9F1E-9EE688BCF23E}.Debug|Any CPU.Build.0 = Debug|Any CPU
		{0FC1FA4C-38C9-4DB7-9F1E-9EE688BCF23E}.Release|Any CPU.ActiveCfg = Release|Any CPU
		{0FC1FA4C-38C9-4DB7-9F1E-9EE688BCF23E}.Release|Any CPU.Build.0 = Release|Any CPU
	EndGlobalSection
	GlobalSection(SolutionProperties) = preSolution
		HideSolutionNode = FALSE
	EndGlobalSection
	GlobalSection(ExtensibilityGlobals) = postSolution
		SolutionGuid = {A1125380-BFC7-4897-827E-0348C939976E}
	EndGlobalSection
EndGlobal
